
Microsoft Visual Studio Solution File, Format Version 12.00
# Visual Studio Version 17
VisualStudioVersion = 17.4.33213.308
MinimumVisualStudioVersion = 10.0.40219.1
Project("{FAE04EC0-301F-11D3-BF4B-00C04F79EFBC}") = "WPCCrimeSummary", "WPCCrimeSummary.csproj", "{FA488C38-9CAD-4AC7-A7CD-E600AF17CB09}"
EndProject
Project("{FAE04EC0-301F-11D3-BF4B-00C04F79EFBC}") = "WPCCrimeUnitTesting", "..\WPCCrimeUnitTesting\WPCCrimeUnitTesting.csproj", "{B2B294E6-B5B1-44DD-9157-E405277ED54E}"
EndProject
Global
	GlobalSection(SolutionConfigurationPlatforms) = preSolution
		Debug|Any CPU = Debug|Any CPU
		Release|Any CPU = Release|Any CPU
	EndGlobalSection
	GlobalSection(ProjectConfigurationPlatforms) = postSolution
		{FA488C38-9CAD-4AC7-A7CD-E600AF17CB09}.Debug|Any CPU.ActiveCfg = Debug|Any CPU
		{FA488C38-9CAD-4AC7-A7CD-E600AF17CB09}.Debug|Any CPU.Build.0 = Debug|Any CPU
		{FA488C38-9CAD-4AC7-A7CD-E600AF17CB09}.Release|Any CPU.ActiveCfg = Release|Any CPU
		{FA488C38-9CAD-4AC7-A7CD-E600AF17CB09}.Release|Any CPU.Build.0 = Release|Any CPU
		{B2B294E6-B5B1-44DD-9157-E405277ED54E}.Debug|Any CPU.ActiveCfg = Debug|Any CPU
		{B2B294E6-B5B1-44DD-9157-E405277ED54E}.Debug|Any CPU.Build.0 = Debug|Any CPU
		{B2B294E6-B5B1-44DD-9157-E405277ED54E}.Release|Any CPU.ActiveCfg = Release|Any CPU
		{B2B294E6-B5B1-44DD-9157-E405277ED54E}.Release|Any CPU.Build.0 = Release|Any CPU
	EndGlobalSection
	GlobalSection(SolutionProperties) = preSolution
		HideSolutionNode = FALSE
	EndGlobalSection
	GlobalSection(ExtensibilityGlobals) = postSolution
		SolutionGuid = {E4649E36-9BF2-4741-92A3-64995DC56994}
	EndGlobalSection
EndGlobal
